
Microsoft Visual Studio Solution File, Format Version 12.00
# Visual Studio 15
VisualStudioVersion = 15.0.26430.14
MinimumVisualStudioVersion = 10.0.40219.1
Project("{FAE04EC0-301F-11D3-BF4B-00C04F79EFBC}") = "Proxy.Consumer.BaseLibrary", "Proxy.Consumer.BaseLibrary\Proxy.Consumer.BaseLibrary.csproj", "{7AE48FF8-DB2A-45E9-B776-5CD09249EA75}"
EndProject
Project("{FAE04EC0-301F-11D3-BF4B-00C04F79EFBC}") = "Proxy.Consumer.WCF.Example", "ProxyConsumer.WCF.Example\Proxy.Consumer.WCF.Example.csproj", "{B7E9CCFD-2978-4FB8-B969-AE2743CF34C7}"
EndProject
Project("{2150E333-8FDC-42A3-9474-1A3956D46DE8}") = "Library", "Library", "{11935D98-E169-49A0-8014-C0F688F007DB}"
EndProject
Project("{2150E333-8FDC-42A3-9474-1A3956D46DE8}") = "Tests", "Tests", "{8F1775A7-3D8B-4203-BCED-AD5465C870B4}"
EndProject
Project("{FAE04EC0-301F-11D3-BF4B-00C04F79EFBC}") = "Proxy.Consumer.ConsoleApp.Example", "Proxy.Consumer.ConsoleApp.Example\Proxy.Consumer.ConsoleApp.Example.csproj", "{F75172D6-F04C-4938-908D-520BE1D4D56C}"
	ProjectSection(ProjectDependencies) = postProject
		{B7E9CCFD-2978-4FB8-B969-AE2743CF34C7} = {B7E9CCFD-2978-4FB8-B969-AE2743CF34C7}
	EndProjectSection
EndProject
Global
	GlobalSection(SolutionConfigurationPlatforms) = preSolution
		Debug|Any CPU = Debug|Any CPU
		Release|Any CPU = Release|Any CPU
	EndGlobalSection
	GlobalSection(ProjectConfigurationPlatforms) = postSolution
		{7AE48FF8-DB2A-45E9-B776-5CD09249EA75}.Debug|Any CPU.ActiveCfg = Debug|Any CPU
		{7AE48FF8-DB2A-45E9-B776-5CD09249EA75}.Debug|Any CPU.Build.0 = Debug|Any CPU
		{7AE48FF8-DB2A-45E9-B776-5CD09249EA75}.Release|Any CPU.ActiveCfg = Release|Any CPU
		{7AE48FF8-DB2A-45E9-B776-5CD09249EA75}.Release|Any CPU.Build.0 = Release|Any CPU
		{B7E9CCFD-2978-4FB8-B969-AE2743CF34C7}.Debug|Any CPU.ActiveCfg = Debug|Any CPU
		{B7E9CCFD-2978-4FB8-B969-AE2743CF34C7}.Debug|Any CPU.Build.0 = Debug|Any CPU
		{B7E9CCFD-2978-4FB8-B969-AE2743CF34C7}.Release|Any CPU.ActiveCfg = Release|Any CPU
		{B7E9CCFD-2978-4FB8-B969-AE2743CF34C7}.Release|Any CPU.Build.0 = Release|Any CPU
		{F75172D6-F04C-4938-908D-520BE1D4D56C}.Debug|Any CPU.ActiveCfg = Debug|Any CPU
		{F75172D6-F04C-4938-908D-520BE1D4D56C}.Debug|Any CPU.Build.0 = Debug|Any CPU
		{F75172D6-F04C-4938-908D-520BE1D4D56C}.Release|Any CPU.ActiveCfg = Release|Any CPU
		{F75172D6-F04C-4938-908D-520BE1D4D56C}.Release|Any CPU.Build.0 = Release|Any CPU
	EndGlobalSection
	GlobalSection(SolutionProperties) = preSolution
		HideSolutionNode = FALSE
	EndGlobalSection
	GlobalSection(NestedProjects) = preSolution
		{7AE48FF8-DB2A-45E9-B776-5CD09249EA75} = {11935D98-E169-49A0-8014-C0F688F007DB}
		{B7E9CCFD-2978-4FB8-B969-AE2743CF34C7} = {8F1775A7-3D8B-4203-BCED-AD5465C870B4}
		{F75172D6-F04C-4938-908D-520BE1D4D56C} = {8F1775A7-3D8B-4203-BCED-AD5465C870B4}
	EndGlobalSection
EndGlobal
